// !$*UTF8*$!
{
	archiveVersion = 1;
	classes = {
	};
	objectVersion = 56;
	objects = {

/* Begin PBXBuildFile section */
		39413F112B4ECA9F007262C0 /* ListRowView.swift in Sources */ = {isa = PBXBuildFile; fileRef = 39413F102B4ECA9F007262C0 /* ListRowView.swift */; };
		39413F152B4ED654007262C0 /* IBANListViewModel.swift in Sources */ = {isa = PBXBuildFile; fileRef = 39413F142B4ED654007262C0 /* IBANListViewModel.swift */; };
		39797EC22B4EDCB2004D7923 /* IBANListDetailView.swift in Sources */ = {isa = PBXBuildFile; fileRef = 39797EC12B4EDCB2004D7923 /* IBANListDetailView.swift */; };
		39797EC42B4EDCD6004D7923 /* DetailView.swift in Sources */ = {isa = PBXBuildFile; fileRef = 39797EC32B4EDCD6004D7923 /* DetailView.swift */; };
		39797EC62B4EDE97004D7923 /* ButtonComponent.swift in Sources */ = {isa = PBXBuildFile; fileRef = 39797EC52B4EDE97004D7923 /* ButtonComponent.swift */; };
		39797ECA2B4F1B33004D7923 /* IBANListDetailViewModel.swift in Sources */ = {isa = PBXBuildFile; fileRef = 39797EC92B4F1B33004D7923 /* IBANListDetailViewModel.swift */; };
		3C1290C62B4F6C9E0092F642 /* Button.swift in Sources */ = {isa = PBXBuildFile; fileRef = 3C1290C52B4F6C9E0092F642 /* Button.swift */; };
		3C1290C92B4F6CD40092F642 /* ColorPalette.swift in Sources */ = {isa = PBXBuildFile; fileRef = 3C1290C82B4F6CD40092F642 /* ColorPalette.swift */; };
		3C296AAA2B5178C100B70AEF /* ViewWrapper.swift in Sources */ = {isa = PBXBuildFile; fileRef = 3C296AA92B5178C100B70AEF /* ViewWrapper.swift */; };
		3C296AAC2B5178D500B70AEF /* NavigationCoordinator.swift in Sources */ = {isa = PBXBuildFile; fileRef = 3C296AAB2B5178D500B70AEF /* NavigationCoordinator.swift */; };
		3C296AAE2B517C2500B70AEF /* AddIBAN.swift in Sources */ = {isa = PBXBuildFile; fileRef = 3C296AAD2B517C2500B70AEF /* AddIBAN.swift */; };
		3C328AB02B4E91D9000970CA /* AppDelegate.swift in Sources */ = {isa = PBXBuildFile; fileRef = 3C328AAF2B4E91D9000970CA /* AppDelegate.swift */; };
		3C328AB22B4E91D9000970CA /* SceneDelegate.swift in Sources */ = {isa = PBXBuildFile; fileRef = 3C328AB12B4E91D9000970CA /* SceneDelegate.swift */; };
		3C328AB92B4E91DA000970CA /* Assets.xcassets in Resources */ = {isa = PBXBuildFile; fileRef = 3C328AB82B4E91DA000970CA /* Assets.xcassets */; };
		3C328ABC2B4E91DA000970CA /* LaunchScreen.storyboard in Resources */ = {isa = PBXBuildFile; fileRef = 3C328ABA2B4E91DA000970CA /* LaunchScreen.storyboard */; };
		3C328AC92B4E9304000970CA /* AddPerson.swift in Sources */ = {isa = PBXBuildFile; fileRef = 3C328AC82B4E9304000970CA /* AddPerson.swift */; };
		3C328ACB2B4E9334000970CA /* IBANListViewController.swift in Sources */ = {isa = PBXBuildFile; fileRef = 3C328ACA2B4E9334000970CA /* IBANListViewController.swift */; };
		5D35C5C02B5183C0003AFE17 /* Constants.swift in Sources */ = {isa = PBXBuildFile; fileRef = 5D35C5BF2B5183C0003AFE17 /* Constants.swift */; };
		5D35C5C72B51C6E5003AFE17 /* ApiManagerr.swift in Sources */ = {isa = PBXBuildFile; fileRef = 5D35C5C62B51C6E5003AFE17 /* ApiManagerr.swift */; };
		5D7599752B515D9100BD49A5 /* SuccessAnimationView.swift in Sources */ = {isa = PBXBuildFile; fileRef = 5D7599742B515D9100BD49A5 /* SuccessAnimationView.swift */; };
		5DB7012C2B4F269F0054ADBD /* FirebaseAuth in Frameworks */ = {isa = PBXBuildFile; productRef = 5DB7012B2B4F269F0054ADBD /* FirebaseAuth */; };
		5DB7012E2B4F269F0054ADBD /* FirebaseDatabase in Frameworks */ = {isa = PBXBuildFile; productRef = 5DB7012D2B4F269F0054ADBD /* FirebaseDatabase */; };
		5DB701302B4F269F0054ADBD /* FirebaseDatabaseSwift in Frameworks */ = {isa = PBXBuildFile; productRef = 5DB7012F2B4F269F0054ADBD /* FirebaseDatabaseSwift */; };
		5DB701322B4F269F0054ADBD /* FirebaseFirestore in Frameworks */ = {isa = PBXBuildFile; productRef = 5DB701312B4F269F0054ADBD /* FirebaseFirestore */; };
		5DB701342B4F269F0054ADBD /* FirebaseFirestoreSwift in Frameworks */ = {isa = PBXBuildFile; productRef = 5DB701332B4F269F0054ADBD /* FirebaseFirestoreSwift */; };
		5DB701362B4F269F0054ADBD /* FirebaseStorage in Frameworks */ = {isa = PBXBuildFile; productRef = 5DB701352B4F269F0054ADBD /* FirebaseStorage */; };
		5DB7015D2B50036E0054ADBD /* RegistrationView.swift in Sources */ = {isa = PBXBuildFile; fileRef = 5DB7015C2B50036E0054ADBD /* RegistrationView.swift */; };
		5DB7015F2B501B1A0054ADBD /* RegistrationViewModel.swift in Sources */ = {isa = PBXBuildFile; fileRef = 5DB7015E2B501B1A0054ADBD /* RegistrationViewModel.swift */; };
		5DB701662B5029130054ADBD /* RegTextFieldView.swift in Sources */ = {isa = PBXBuildFile; fileRef = 5DB701652B5029130054ADBD /* RegTextFieldView.swift */; };
		5DB7016A2B5032260054ADBD /* TextModifier.swift in Sources */ = {isa = PBXBuildFile; fileRef = 5DB701692B5032260054ADBD /* TextModifier.swift */; };
		5DB701712B5127BF0054ADBD /* PasswordCriteriaView.swift in Sources */ = {isa = PBXBuildFile; fileRef = 5DB701702B5127BF0054ADBD /* PasswordCriteriaView.swift */; };
		5DB701732B5129910054ADBD /* PasswordStatusView.swift in Sources */ = {isa = PBXBuildFile; fileRef = 5DB701722B5129910054ADBD /* PasswordStatusView.swift */; };
		5DCB3DFE2B52BBA4001CB52C /* User.swift in Sources */ = {isa = PBXBuildFile; fileRef = 5DCB3DFD2B52BBA4001CB52C /* User.swift */; };
		A97D7C2A2B52F8B90015B114 /* GoogleService-Info.plist in Resources */ = {isa = PBXBuildFile; fileRef = A97D7C292B52F8B90015B114 /* GoogleService-Info.plist */; };
		A9974C6C2B4ED3BF006DAC5D /* LogInView.swift in Sources */ = {isa = PBXBuildFile; fileRef = A9974C6B2B4ED3BF006DAC5D /* LogInView.swift */; };
		A9974C722B50069D006DAC5D /* Text.swift in Sources */ = {isa = PBXBuildFile; fileRef = A9974C712B50069D006DAC5D /* Text.swift */; };
		A9974C742B5006E0006DAC5D /* CustomTextFieldView.swift in Sources */ = {isa = PBXBuildFile; fileRef = A9974C732B5006E0006DAC5D /* CustomTextFieldView.swift */; };
		A9974C762B50071C006DAC5D /* CustomBackground.swift in Sources */ = {isa = PBXBuildFile; fileRef = A9974C752B50071C006DAC5D /* CustomBackground.swift */; };
		A9974C782B506E3E006DAC5D /* OnboardingView.swift in Sources */ = {isa = PBXBuildFile; fileRef = A9974C772B506E3E006DAC5D /* OnboardingView.swift */; };
		A9974C9A2B508602006DAC5D /* OnboardingModel.swift in Sources */ = {isa = PBXBuildFile; fileRef = A9974C992B508602006DAC5D /* OnboardingModel.swift */; };
		A9974C9C2B508625006DAC5D /* OnboardingViewModel.swift in Sources */ = {isa = PBXBuildFile; fileRef = A9974C9B2B508625006DAC5D /* OnboardingViewModel.swift */; };
		A9BFAFD92B5257E400F6CFC8 /* Alert.swift in Sources */ = {isa = PBXBuildFile; fileRef = A9BFAFD82B5257E400F6CFC8 /* Alert.swift */; };
		A9BFAFDB2B52581700F6CFC8 /* LoginViewModel.swift in Sources */ = {isa = PBXBuildFile; fileRef = A9BFAFDA2B52581700F6CFC8 /* LoginViewModel.swift */; };
		A9BFAFEA2B52ECC600F6CFC8 /* SignInButton.swift in Sources */ = {isa = PBXBuildFile; fileRef = A9BFAFE92B52ECC600F6CFC8 /* SignInButton.swift */; };
		A9BFAFEC2B52ECF600F6CFC8 /* RegisterButton.swift in Sources */ = {isa = PBXBuildFile; fileRef = A9BFAFEB2B52ECF600F6CFC8 /* RegisterButton.swift */; };
		A9BFAFEE2B52ED4B00F6CFC8 /* ContentView.swift in Sources */ = {isa = PBXBuildFile; fileRef = A9BFAFED2B52ED4B00F6CFC8 /* ContentView.swift */; };
/* End PBXBuildFile section */

/* Begin PBXFileReference section */
		39413F102B4ECA9F007262C0 /* ListRowView.swift */ = {isa = PBXFileReference; lastKnownFileType = sourcecode.swift; path = ListRowView.swift; sourceTree = "<group>"; };
		39413F142B4ED654007262C0 /* IBANListViewModel.swift */ = {isa = PBXFileReference; lastKnownFileType = sourcecode.swift; path = IBANListViewModel.swift; sourceTree = "<group>"; };
		39797EC12B4EDCB2004D7923 /* IBANListDetailView.swift */ = {isa = PBXFileReference; lastKnownFileType = sourcecode.swift; path = IBANListDetailView.swift; sourceTree = "<group>"; };
		39797EC32B4EDCD6004D7923 /* DetailView.swift */ = {isa = PBXFileReference; lastKnownFileType = sourcecode.swift; path = DetailView.swift; sourceTree = "<group>"; };
		39797EC52B4EDE97004D7923 /* ButtonComponent.swift */ = {isa = PBXFileReference; lastKnownFileType = sourcecode.swift; path = ButtonComponent.swift; sourceTree = "<group>"; };
		39797EC92B4F1B33004D7923 /* IBANListDetailViewModel.swift */ = {isa = PBXFileReference; lastKnownFileType = sourcecode.swift; path = IBANListDetailViewModel.swift; sourceTree = "<group>"; };
		3C1290C52B4F6C9E0092F642 /* Button.swift */ = {isa = PBXFileReference; lastKnownFileType = sourcecode.swift; path = Button.swift; sourceTree = "<group>"; };
		3C1290C82B4F6CD40092F642 /* ColorPalette.swift */ = {isa = PBXFileReference; lastKnownFileType = sourcecode.swift; path = ColorPalette.swift; sourceTree = "<group>"; };
		3C296AA92B5178C100B70AEF /* ViewWrapper.swift */ = {isa = PBXFileReference; lastKnownFileType = sourcecode.swift; path = ViewWrapper.swift; sourceTree = "<group>"; };
		3C296AAB2B5178D500B70AEF /* NavigationCoordinator.swift */ = {isa = PBXFileReference; lastKnownFileType = sourcecode.swift; path = NavigationCoordinator.swift; sourceTree = "<group>"; };
		3C296AAD2B517C2500B70AEF /* AddIBAN.swift */ = {isa = PBXFileReference; lastKnownFileType = sourcecode.swift; path = AddIBAN.swift; sourceTree = "<group>"; };
		3C328AAC2B4E91D9000970CA /* IBAN-Saver-App.app */ = {isa = PBXFileReference; explicitFileType = wrapper.application; includeInIndex = 0; path = "IBAN-Saver-App.app"; sourceTree = BUILT_PRODUCTS_DIR; };
		3C328AAF2B4E91D9000970CA /* AppDelegate.swift */ = {isa = PBXFileReference; lastKnownFileType = sourcecode.swift; path = AppDelegate.swift; sourceTree = "<group>"; };
		3C328AB12B4E91D9000970CA /* SceneDelegate.swift */ = {isa = PBXFileReference; lastKnownFileType = sourcecode.swift; path = SceneDelegate.swift; sourceTree = "<group>"; };
		3C328AB82B4E91DA000970CA /* Assets.xcassets */ = {isa = PBXFileReference; lastKnownFileType = folder.assetcatalog; path = Assets.xcassets; sourceTree = "<group>"; };
		3C328ABB2B4E91DA000970CA /* Base */ = {isa = PBXFileReference; lastKnownFileType = file.storyboard; name = Base; path = Base.lproj/LaunchScreen.storyboard; sourceTree = "<group>"; };
		3C328ABD2B4E91DA000970CA /* Info.plist */ = {isa = PBXFileReference; lastKnownFileType = text.plist.xml; path = Info.plist; sourceTree = "<group>"; };
		3C328AC82B4E9304000970CA /* AddPerson.swift */ = {isa = PBXFileReference; lastKnownFileType = sourcecode.swift; path = AddPerson.swift; sourceTree = "<group>"; };
		3C328ACA2B4E9334000970CA /* IBANListViewController.swift */ = {isa = PBXFileReference; lastKnownFileType = sourcecode.swift; path = IBANListViewController.swift; sourceTree = "<group>"; };
		5D35C5BF2B5183C0003AFE17 /* Constants.swift */ = {isa = PBXFileReference; lastKnownFileType = sourcecode.swift; path = Constants.swift; sourceTree = "<group>"; };
		5D35C5C62B51C6E5003AFE17 /* ApiManagerr.swift */ = {isa = PBXFileReference; lastKnownFileType = sourcecode.swift; path = ApiManagerr.swift; sourceTree = "<group>"; };
		5D7599742B515D9100BD49A5 /* SuccessAnimationView.swift */ = {isa = PBXFileReference; lastKnownFileType = sourcecode.swift; path = SuccessAnimationView.swift; sourceTree = "<group>"; };
		5DB7015C2B50036E0054ADBD /* RegistrationView.swift */ = {isa = PBXFileReference; lastKnownFileType = sourcecode.swift; path = RegistrationView.swift; sourceTree = "<group>"; };
		5DB7015E2B501B1A0054ADBD /* RegistrationViewModel.swift */ = {isa = PBXFileReference; lastKnownFileType = sourcecode.swift; path = RegistrationViewModel.swift; sourceTree = "<group>"; };
		5DB701652B5029130054ADBD /* RegTextFieldView.swift */ = {isa = PBXFileReference; lastKnownFileType = sourcecode.swift; path = RegTextFieldView.swift; sourceTree = "<group>"; };
		5DB701692B5032260054ADBD /* TextModifier.swift */ = {isa = PBXFileReference; lastKnownFileType = sourcecode.swift; path = TextModifier.swift; sourceTree = "<group>"; };
		5DB701702B5127BF0054ADBD /* PasswordCriteriaView.swift */ = {isa = PBXFileReference; lastKnownFileType = sourcecode.swift; path = PasswordCriteriaView.swift; sourceTree = "<group>"; };
		5DB701722B5129910054ADBD /* PasswordStatusView.swift */ = {isa = PBXFileReference; lastKnownFileType = sourcecode.swift; path = PasswordStatusView.swift; sourceTree = "<group>"; };
		5DCB3DFD2B52BBA4001CB52C /* User.swift */ = {isa = PBXFileReference; lastKnownFileType = sourcecode.swift; path = User.swift; sourceTree = "<group>"; };
		A97D7C292B52F8B90015B114 /* GoogleService-Info.plist */ = {isa = PBXFileReference; fileEncoding = 4; lastKnownFileType = text.plist.xml; name = "GoogleService-Info.plist"; path = "../../../../Downloads/GoogleService-Info.plist"; sourceTree = "<group>"; };
		A9974C6B2B4ED3BF006DAC5D /* LogInView.swift */ = {isa = PBXFileReference; lastKnownFileType = sourcecode.swift; path = LogInView.swift; sourceTree = "<group>"; };
		A9974C712B50069D006DAC5D /* Text.swift */ = {isa = PBXFileReference; lastKnownFileType = sourcecode.swift; path = Text.swift; sourceTree = "<group>"; };
		A9974C732B5006E0006DAC5D /* CustomTextFieldView.swift */ = {isa = PBXFileReference; lastKnownFileType = sourcecode.swift; path = CustomTextFieldView.swift; sourceTree = "<group>"; };
		A9974C752B50071C006DAC5D /* CustomBackground.swift */ = {isa = PBXFileReference; lastKnownFileType = sourcecode.swift; path = CustomBackground.swift; sourceTree = "<group>"; };
		A9974C772B506E3E006DAC5D /* OnboardingView.swift */ = {isa = PBXFileReference; lastKnownFileType = sourcecode.swift; path = OnboardingView.swift; sourceTree = "<group>"; };
		A9974C992B508602006DAC5D /* OnboardingModel.swift */ = {isa = PBXFileReference; lastKnownFileType = sourcecode.swift; path = OnboardingModel.swift; sourceTree = "<group>"; };
		A9974C9B2B508625006DAC5D /* OnboardingViewModel.swift */ = {isa = PBXFileReference; lastKnownFileType = sourcecode.swift; path = OnboardingViewModel.swift; sourceTree = "<group>"; };
		A9BFAFD82B5257E400F6CFC8 /* Alert.swift */ = {isa = PBXFileReference; lastKnownFileType = sourcecode.swift; path = Alert.swift; sourceTree = "<group>"; };
		A9BFAFDA2B52581700F6CFC8 /* LoginViewModel.swift */ = {isa = PBXFileReference; lastKnownFileType = sourcecode.swift; path = LoginViewModel.swift; sourceTree = "<group>"; };
		A9BFAFE92B52ECC600F6CFC8 /* SignInButton.swift */ = {isa = PBXFileReference; lastKnownFileType = sourcecode.swift; path = SignInButton.swift; sourceTree = "<group>"; };
		A9BFAFEB2B52ECF600F6CFC8 /* RegisterButton.swift */ = {isa = PBXFileReference; lastKnownFileType = sourcecode.swift; path = RegisterButton.swift; sourceTree = "<group>"; };
		A9BFAFED2B52ED4B00F6CFC8 /* ContentView.swift */ = {isa = PBXFileReference; lastKnownFileType = sourcecode.swift; path = ContentView.swift; sourceTree = "<group>"; };
/* End PBXFileReference section */

/* Begin PBXFrameworksBuildPhase section */
		3C328AA92B4E91D9000970CA /* Frameworks */ = {
			isa = PBXFrameworksBuildPhase;
			buildActionMask = 2147483647;
			files = (
				5DB701342B4F269F0054ADBD /* FirebaseFirestoreSwift in Frameworks */,
				5DB701302B4F269F0054ADBD /* FirebaseDatabaseSwift in Frameworks */,
				5DB701322B4F269F0054ADBD /* FirebaseFirestore in Frameworks */,
				5DB7012E2B4F269F0054ADBD /* FirebaseDatabase in Frameworks */,
				5DB7012C2B4F269F0054ADBD /* FirebaseAuth in Frameworks */,
				5DB701362B4F269F0054ADBD /* FirebaseStorage in Frameworks */,
			);
			runOnlyForDeploymentPostprocessing = 0;
		};
/* End PBXFrameworksBuildPhase section */

/* Begin PBXGroup section */
		39797EC02B4EDC81004D7923 /* DetailsPage  */ = {
			isa = PBXGroup;
			children = (
				39797EC12B4EDCB2004D7923 /* IBANListDetailView.swift */,
				39797EC92B4F1B33004D7923 /* IBANListDetailViewModel.swift */,
				39797EC32B4EDCD6004D7923 /* DetailView.swift */,
				39797EC52B4EDE97004D7923 /* ButtonComponent.swift */,
			);
			path = "DetailsPage ";
			sourceTree = "<group>";
		};
		3C1290B72B4F67970092F642 /* Scenes */ = {
			isa = PBXGroup;
			children = (
				3C1290B92B4F69200092F642 /* Onboarding Page */,
				3C328AC42B4E9297000970CA /* Login Page */,
				3C328AC52B4E92AB000970CA /* Registration Page */,
				3C328AC62B4E92BB000970CA /* IBAN List Page  */,
				3C328AC72B4E92D4000970CA /* Add IBAN Page  */,
			);
			path = Scenes;
			sourceTree = "<group>";
		};
		3C1290B82B4F68C50092F642 /* Models */ = {
			isa = PBXGroup;
			children = (
				A9974C992B508602006DAC5D /* OnboardingModel.swift */,
				5DCB3DFD2B52BBA4001CB52C /* User.swift */,
			);
			path = Models;
			sourceTree = "<group>";
		};
		3C1290B92B4F69200092F642 /* Onboarding Page */ = {
			isa = PBXGroup;
			children = (
				A9974C772B506E3E006DAC5D /* OnboardingView.swift */,
				A9974C9B2B508625006DAC5D /* OnboardingViewModel.swift */,
			);
			path = "Onboarding Page";
			sourceTree = "<group>";
		};
		3C1290C42B4F6C450092F642 /* Components */ = {
			isa = PBXGroup;
			children = (
				A9974C752B50071C006DAC5D /* CustomBackground.swift */,
				A9974C732B5006E0006DAC5D /* CustomTextFieldView.swift */,
			);
			path = Components;
			sourceTree = "<group>";
		};
		3C1290C72B4F6CBF0092F642 /* Extensions */ = {
			isa = PBXGroup;
			children = (
				A9974C712B50069D006DAC5D /* Text.swift */,
				3C1290C52B4F6C9E0092F642 /* Button.swift */,
				A9BFAFD82B5257E400F6CFC8 /* Alert.swift */,
				3C1290C82B4F6CD40092F642 /* ColorPalette.swift */,
			);
			path = Extensions;
			sourceTree = "<group>";
		};
		3C296AA82B5178AC00B70AEF /* Navigation */ = {
			isa = PBXGroup;
			children = (
				3C296AA92B5178C100B70AEF /* ViewWrapper.swift */,
				3C296AAB2B5178D500B70AEF /* NavigationCoordinator.swift */,
			);
			path = Navigation;
			sourceTree = "<group>";
		};
		3C328AA32B4E91D9000970CA = {
			isa = PBXGroup;
			children = (
				3C328AAE2B4E91D9000970CA /* IBAN-Saver-App */,
				3C328AAD2B4E91D9000970CA /* Products */,
			);
			sourceTree = "<group>";
		};
		3C328AAD2B4E91D9000970CA /* Products */ = {
			isa = PBXGroup;
			children = (
				3C328AAC2B4E91D9000970CA /* IBAN-Saver-App.app */,
			);
			name = Products;
			sourceTree = "<group>";
		};
		3C328AAE2B4E91D9000970CA /* IBAN-Saver-App */ = {
			isa = PBXGroup;
			children = (
				3C328AC32B4E923A000970CA /* App */,
				3C1290B82B4F68C50092F642 /* Models */,
				5D35C5C12B519CD2003AFE17 /* API */,
				3C1290B72B4F67970092F642 /* Scenes */,
				3C296AA82B5178AC00B70AEF /* Navigation */,
				3C1290C42B4F6C450092F642 /* Components */,
				3C1290C72B4F6CBF0092F642 /* Extensions */,
				3C328ABA2B4E91DA000970CA /* LaunchScreen.storyboard */,
				A97D7C292B52F8B90015B114 /* GoogleService-Info.plist */,
				3C328ABD2B4E91DA000970CA /* Info.plist */,
				3C328AB82B4E91DA000970CA /* Assets.xcassets */,
			);
			path = "IBAN-Saver-App";
			sourceTree = "<group>";
		};
		3C328AC32B4E923A000970CA /* App */ = {
			isa = PBXGroup;
			children = (
				3C328AB12B4E91D9000970CA /* SceneDelegate.swift */,
				3C328AAF2B4E91D9000970CA /* AppDelegate.swift */,
			);
			path = App;
			sourceTree = "<group>";
		};
		3C328AC42B4E9297000970CA /* Login Page */ = {
			isa = PBXGroup;
			children = (
				A9974C6B2B4ED3BF006DAC5D /* LogInView.swift */,
				A9BFAFDA2B52581700F6CFC8 /* LoginViewModel.swift */,
				A9BFAFE82B52ECA300F6CFC8 /* Components */,
			);
			path = "Login Page";
			sourceTree = "<group>";
		};
		3C328AC52B4E92AB000970CA /* Registration Page */ = {
			isa = PBXGroup;
			children = (
				5DB701632B501BAB0054ADBD /* ViewModel */,
				5DB7016B2B5033680054ADBD /* View */,
			);
			path = "Registration Page";
			sourceTree = "<group>";
		};
		3C328AC62B4E92BB000970CA /* IBAN List Page  */ = {
			isa = PBXGroup;
			children = (
				3C328ACA2B4E9334000970CA /* IBANListViewController.swift */,
				39413F142B4ED654007262C0 /* IBANListViewModel.swift */,
				39413F102B4ECA9F007262C0 /* ListRowView.swift */,
				39797EC02B4EDC81004D7923 /* DetailsPage  */,
			);
			path = "IBAN List Page ";
			sourceTree = "<group>";
		};
		3C328AC72B4E92D4000970CA /* Add IBAN Page  */ = {
			isa = PBXGroup;
			children = (
				3C328AC82B4E9304000970CA /* AddPerson.swift */,
				3C296AAD2B517C2500B70AEF /* AddIBAN.swift */,
			);
			path = "Add IBAN Page ";
			sourceTree = "<group>";
		};
		5D35C5C12B519CD2003AFE17 /* API */ = {
			isa = PBXGroup;
			children = (
				5D35C5C62B51C6E5003AFE17 /* ApiManagerr.swift */,
				5D35C5BF2B5183C0003AFE17 /* Constants.swift */,
			);
			path = API;
			sourceTree = "<group>";
		};
		5DB701632B501BAB0054ADBD /* ViewModel */ = {
			isa = PBXGroup;
			children = (
				5DB7015E2B501B1A0054ADBD /* RegistrationViewModel.swift */,
			);
			path = ViewModel;
			sourceTree = "<group>";
		};
		5DB701642B5029000054ADBD /* Components */ = {
			isa = PBXGroup;
			children = (
				5DB701652B5029130054ADBD /* RegTextFieldView.swift */,
				5DB701692B5032260054ADBD /* TextModifier.swift */,
				5D7599742B515D9100BD49A5 /* SuccessAnimationView.swift */,
			);
			path = Components;
			sourceTree = "<group>";
		};
		5DB7016B2B5033680054ADBD /* View */ = {
			isa = PBXGroup;
			children = (
				5DB7015C2B50036E0054ADBD /* RegistrationView.swift */,
				5DB701722B5129910054ADBD /* PasswordStatusView.swift */,
				5DB701702B5127BF0054ADBD /* PasswordCriteriaView.swift */,
				5DB701642B5029000054ADBD /* Components */,
			);
			path = View;
			sourceTree = "<group>";
		};
		A9BFAFE82B52ECA300F6CFC8 /* Components */ = {
			isa = PBXGroup;
			children = (
				A9BFAFED2B52ED4B00F6CFC8 /* ContentView.swift */,
				A9BFAFEB2B52ECF600F6CFC8 /* RegisterButton.swift */,
				A9BFAFE92B52ECC600F6CFC8 /* SignInButton.swift */,
			);
			path = Components;
			sourceTree = "<group>";
		};
/* End PBXGroup section */

/* Begin PBXNativeTarget section */
		3C328AAB2B4E91D9000970CA /* IBAN-Saver-App */ = {
			isa = PBXNativeTarget;
			buildConfigurationList = 3C328AC02B4E91DA000970CA /* Build configuration list for PBXNativeTarget "IBAN-Saver-App" */;
			buildPhases = (
				3C328AA82B4E91D9000970CA /* Sources */,
				3C328AA92B4E91D9000970CA /* Frameworks */,
				3C328AAA2B4E91D9000970CA /* Resources */,
			);
			buildRules = (
			);
			dependencies = (
			);
			name = "IBAN-Saver-App";
			packageProductDependencies = (
				5DB7012B2B4F269F0054ADBD /* FirebaseAuth */,
				5DB7012D2B4F269F0054ADBD /* FirebaseDatabase */,
				5DB7012F2B4F269F0054ADBD /* FirebaseDatabaseSwift */,
				5DB701312B4F269F0054ADBD /* FirebaseFirestore */,
				5DB701332B4F269F0054ADBD /* FirebaseFirestoreSwift */,
				5DB701352B4F269F0054ADBD /* FirebaseStorage */,
			);
			productName = "IBAN-Saver-App";
			productReference = 3C328AAC2B4E91D9000970CA /* IBAN-Saver-App.app */;
			productType = "com.apple.product-type.application";
		};
/* End PBXNativeTarget section */

/* Begin PBXProject section */
		3C328AA42B4E91D9000970CA /* Project object */ = {
			isa = PBXProject;
			attributes = {
				BuildIndependentTargetsInParallel = 1;
				LastSwiftUpdateCheck = 1510;
				LastUpgradeCheck = 1510;
				TargetAttributes = {
					3C328AAB2B4E91D9000970CA = {
						CreatedOnToolsVersion = 15.1;
					};
				};
			};
			buildConfigurationList = 3C328AA72B4E91D9000970CA /* Build configuration list for PBXProject "IBAN-Saver-App" */;
			compatibilityVersion = "Xcode 14.0";
			developmentRegion = en;
			hasScannedForEncodings = 0;
			knownRegions = (
				en,
				Base,
			);
			mainGroup = 3C328AA32B4E91D9000970CA;
			packageReferences = (
				5DB7012A2B4F269F0054ADBD /* XCRemoteSwiftPackageReference "firebase-ios-sdk" */,
			);
			productRefGroup = 3C328AAD2B4E91D9000970CA /* Products */;
			projectDirPath = "";
			projectRoot = "";
			targets = (
				3C328AAB2B4E91D9000970CA /* IBAN-Saver-App */,
			);
		};
/* End PBXProject section */

/* Begin PBXResourcesBuildPhase section */
		3C328AAA2B4E91D9000970CA /* Resources */ = {
			isa = PBXResourcesBuildPhase;
			buildActionMask = 2147483647;
			files = (
				3C328ABC2B4E91DA000970CA /* LaunchScreen.storyboard in Resources */,
				A97D7C2A2B52F8B90015B114 /* GoogleService-Info.plist in Resources */,
				3C328AB92B4E91DA000970CA /* Assets.xcassets in Resources */,
			);
			runOnlyForDeploymentPostprocessing = 0;
		};
/* End PBXResourcesBuildPhase section */

/* Begin PBXSourcesBuildPhase section */
		3C328AA82B4E91D9000970CA /* Sources */ = {
			isa = PBXSourcesBuildPhase;
			buildActionMask = 2147483647;
			files = (
				5DB7015F2B501B1A0054ADBD /* RegistrationViewModel.swift in Sources */,
				5DB7016A2B5032260054ADBD /* TextModifier.swift in Sources */,
				A9974C742B5006E0006DAC5D /* CustomTextFieldView.swift in Sources */,
				5D7599752B515D9100BD49A5 /* SuccessAnimationView.swift in Sources */,
				A9974C6C2B4ED3BF006DAC5D /* LogInView.swift in Sources */,
				A9BFAFEA2B52ECC600F6CFC8 /* SignInButton.swift in Sources */,
				5D35C5C02B5183C0003AFE17 /* Constants.swift in Sources */,
				5DB701662B5029130054ADBD /* RegTextFieldView.swift in Sources */,
				A9BFAFEE2B52ED4B00F6CFC8 /* ContentView.swift in Sources */,
				A9BFAFDB2B52581700F6CFC8 /* LoginViewModel.swift in Sources */,
				3C1290C92B4F6CD40092F642 /* ColorPalette.swift in Sources */,
				A9974C722B50069D006DAC5D /* Text.swift in Sources */,
				A9BFAFEC2B52ECF600F6CFC8 /* RegisterButton.swift in Sources */,
				3C328AC92B4E9304000970CA /* AddPerson.swift in Sources */,
				3C328ACB2B4E9334000970CA /* IBANListViewController.swift in Sources */,
				39797EC42B4EDCD6004D7923 /* DetailView.swift in Sources */,
				39413F112B4ECA9F007262C0 /* ListRowView.swift in Sources */,
				39413F152B4ED654007262C0 /* IBANListViewModel.swift in Sources */,
				39797EC62B4EDE97004D7923 /* ButtonComponent.swift in Sources */,
				39797ECA2B4F1B33004D7923 /* IBANListDetailViewModel.swift in Sources */,
				3C328AB02B4E91D9000970CA /* AppDelegate.swift in Sources */,
				39797EC22B4EDCB2004D7923 /* IBANListDetailView.swift in Sources */,
				A9974C782B506E3E006DAC5D /* OnboardingView.swift in Sources */,
				5DB701712B5127BF0054ADBD /* PasswordCriteriaView.swift in Sources */,
				A9BFAFD92B5257E400F6CFC8 /* Alert.swift in Sources */,
				A9974C762B50071C006DAC5D /* CustomBackground.swift in Sources */,
				5D35C5C72B51C6E5003AFE17 /* ApiManagerr.swift in Sources */,
				3C328AB02B4E91D9000970CA /* AppDelegate.swift in Sources */,
				A9974C9A2B508602006DAC5D /* OnboardingModel.swift in Sources */,
				3C1290C62B4F6C9E0092F642 /* Button.swift in Sources */,
				A9974C9C2B508625006DAC5D /* OnboardingViewModel.swift in Sources */,
				3C296AAC2B5178D500B70AEF /* NavigationCoordinator.swift in Sources */,
				3C296AAE2B517C2500B70AEF /* AddIBAN.swift in Sources */,
				5DB7015D2B50036E0054ADBD /* RegistrationView.swift in Sources */,
				5DCB3DFE2B52BBA4001CB52C /* User.swift in Sources */,
				3C328AB22B4E91D9000970CA /* SceneDelegate.swift in Sources */,
				3C296AAA2B5178C100B70AEF /* ViewWrapper.swift in Sources */,
				5DB701732B5129910054ADBD /* PasswordStatusView.swift in Sources */,
			);
			runOnlyForDeploymentPostprocessing = 0;
		};
/* End PBXSourcesBuildPhase section */

/* Begin PBXVariantGroup section */
		3C328ABA2B4E91DA000970CA /* LaunchScreen.storyboard */ = {
			isa = PBXVariantGroup;
			children = (
				3C328ABB2B4E91DA000970CA /* Base */,
			);
			name = LaunchScreen.storyboard;
			sourceTree = "<group>";
		};
/* End PBXVariantGroup section */

/* Begin XCBuildConfiguration section */
		3C328ABE2B4E91DA000970CA /* Debug */ = {
			isa = XCBuildConfiguration;
			buildSettings = {
				ALWAYS_SEARCH_USER_PATHS = NO;
				ASSETCATALOG_COMPILER_GENERATE_SWIFT_ASSET_SYMBOL_EXTENSIONS = YES;
				CLANG_ANALYZER_NONNULL = YES;
				CLANG_ANALYZER_NUMBER_OBJECT_CONVERSION = YES_AGGRESSIVE;
				CLANG_CXX_LANGUAGE_STANDARD = "gnu++20";
				CLANG_ENABLE_MODULES = YES;
				CLANG_ENABLE_OBJC_ARC = YES;
				CLANG_ENABLE_OBJC_WEAK = YES;
				CLANG_WARN_BLOCK_CAPTURE_AUTORELEASING = YES;
				CLANG_WARN_BOOL_CONVERSION = YES;
				CLANG_WARN_COMMA = YES;
				CLANG_WARN_CONSTANT_CONVERSION = YES;
				CLANG_WARN_DEPRECATED_OBJC_IMPLEMENTATIONS = YES;
				CLANG_WARN_DIRECT_OBJC_ISA_USAGE = YES_ERROR;
				CLANG_WARN_DOCUMENTATION_COMMENTS = YES;
				CLANG_WARN_EMPTY_BODY = YES;
				CLANG_WARN_ENUM_CONVERSION = YES;
				CLANG_WARN_INFINITE_RECURSION = YES;
				CLANG_WARN_INT_CONVERSION = YES;
				CLANG_WARN_NON_LITERAL_NULL_CONVERSION = YES;
				CLANG_WARN_OBJC_IMPLICIT_RETAIN_SELF = YES;
				CLANG_WARN_OBJC_LITERAL_CONVERSION = YES;
				CLANG_WARN_OBJC_ROOT_CLASS = YES_ERROR;
				CLANG_WARN_QUOTED_INCLUDE_IN_FRAMEWORK_HEADER = YES;
				CLANG_WARN_RANGE_LOOP_ANALYSIS = YES;
				CLANG_WARN_STRICT_PROTOTYPES = YES;
				CLANG_WARN_SUSPICIOUS_MOVE = YES;
				CLANG_WARN_UNGUARDED_AVAILABILITY = YES_AGGRESSIVE;
				CLANG_WARN_UNREACHABLE_CODE = YES;
				CLANG_WARN__DUPLICATE_METHOD_MATCH = YES;
				COPY_PHASE_STRIP = NO;
				DEBUG_INFORMATION_FORMAT = dwarf;
				ENABLE_STRICT_OBJC_MSGSEND = YES;
				ENABLE_TESTABILITY = YES;
				ENABLE_USER_SCRIPT_SANDBOXING = YES;
				GCC_C_LANGUAGE_STANDARD = gnu17;
				GCC_DYNAMIC_NO_PIC = NO;
				GCC_NO_COMMON_BLOCKS = YES;
				GCC_OPTIMIZATION_LEVEL = 0;
				GCC_PREPROCESSOR_DEFINITIONS = (
					"DEBUG=1",
					"$(inherited)",
				);
				GCC_WARN_64_TO_32_BIT_CONVERSION = YES;
				GCC_WARN_ABOUT_RETURN_TYPE = YES_ERROR;
				GCC_WARN_UNDECLARED_SELECTOR = YES;
				GCC_WARN_UNINITIALIZED_AUTOS = YES_AGGRESSIVE;
				GCC_WARN_UNUSED_FUNCTION = YES;
				GCC_WARN_UNUSED_VARIABLE = YES;
				IPHONEOS_DEPLOYMENT_TARGET = 17.2;
				LOCALIZATION_PREFERS_STRING_CATALOGS = YES;
				MTL_ENABLE_DEBUG_INFO = INCLUDE_SOURCE;
				MTL_FAST_MATH = YES;
				ONLY_ACTIVE_ARCH = YES;
				SDKROOT = iphoneos;
				SWIFT_ACTIVE_COMPILATION_CONDITIONS = "DEBUG $(inherited)";
				SWIFT_OPTIMIZATION_LEVEL = "-Onone";
			};
			name = Debug;
		};
		3C328ABF2B4E91DA000970CA /* Release */ = {
			isa = XCBuildConfiguration;
			buildSettings = {
				ALWAYS_SEARCH_USER_PATHS = NO;
				ASSETCATALOG_COMPILER_GENERATE_SWIFT_ASSET_SYMBOL_EXTENSIONS = YES;
				CLANG_ANALYZER_NONNULL = YES;
				CLANG_ANALYZER_NUMBER_OBJECT_CONVERSION = YES_AGGRESSIVE;
				CLANG_CXX_LANGUAGE_STANDARD = "gnu++20";
				CLANG_ENABLE_MODULES = YES;
				CLANG_ENABLE_OBJC_ARC = YES;
				CLANG_ENABLE_OBJC_WEAK = YES;
				CLANG_WARN_BLOCK_CAPTURE_AUTORELEASING = YES;
				CLANG_WARN_BOOL_CONVERSION = YES;
				CLANG_WARN_COMMA = YES;
				CLANG_WARN_CONSTANT_CONVERSION = YES;
				CLANG_WARN_DEPRECATED_OBJC_IMPLEMENTATIONS = YES;
				CLANG_WARN_DIRECT_OBJC_ISA_USAGE = YES_ERROR;
				CLANG_WARN_DOCUMENTATION_COMMENTS = YES;
				CLANG_WARN_EMPTY_BODY = YES;
				CLANG_WARN_ENUM_CONVERSION = YES;
				CLANG_WARN_INFINITE_RECURSION = YES;
				CLANG_WARN_INT_CONVERSION = YES;
				CLANG_WARN_NON_LITERAL_NULL_CONVERSION = YES;
				CLANG_WARN_OBJC_IMPLICIT_RETAIN_SELF = YES;
				CLANG_WARN_OBJC_LITERAL_CONVERSION = YES;
				CLANG_WARN_OBJC_ROOT_CLASS = YES_ERROR;
				CLANG_WARN_QUOTED_INCLUDE_IN_FRAMEWORK_HEADER = YES;
				CLANG_WARN_RANGE_LOOP_ANALYSIS = YES;
				CLANG_WARN_STRICT_PROTOTYPES = YES;
				CLANG_WARN_SUSPICIOUS_MOVE = YES;
				CLANG_WARN_UNGUARDED_AVAILABILITY = YES_AGGRESSIVE;
				CLANG_WARN_UNREACHABLE_CODE = YES;
				CLANG_WARN__DUPLICATE_METHOD_MATCH = YES;
				COPY_PHASE_STRIP = NO;
				DEBUG_INFORMATION_FORMAT = "dwarf-with-dsym";
				ENABLE_NS_ASSERTIONS = NO;
				ENABLE_STRICT_OBJC_MSGSEND = YES;
				ENABLE_USER_SCRIPT_SANDBOXING = YES;
				GCC_C_LANGUAGE_STANDARD = gnu17;
				GCC_NO_COMMON_BLOCKS = YES;
				GCC_WARN_64_TO_32_BIT_CONVERSION = YES;
				GCC_WARN_ABOUT_RETURN_TYPE = YES_ERROR;
				GCC_WARN_UNDECLARED_SELECTOR = YES;
				GCC_WARN_UNINITIALIZED_AUTOS = YES_AGGRESSIVE;
				GCC_WARN_UNUSED_FUNCTION = YES;
				GCC_WARN_UNUSED_VARIABLE = YES;
				IPHONEOS_DEPLOYMENT_TARGET = 17.2;
				LOCALIZATION_PREFERS_STRING_CATALOGS = YES;
				MTL_ENABLE_DEBUG_INFO = NO;
				MTL_FAST_MATH = YES;
				SDKROOT = iphoneos;
				SWIFT_COMPILATION_MODE = wholemodule;
				VALIDATE_PRODUCT = YES;
			};
			name = Release;
		};
		3C328AC12B4E91DA000970CA /* Debug */ = {
			isa = XCBuildConfiguration;
			buildSettings = {
				ASSETCATALOG_COMPILER_APPICON_NAME = AppIcon;
				ASSETCATALOG_COMPILER_GLOBAL_ACCENT_COLOR_NAME = AccentColor;
				CODE_SIGN_STYLE = Automatic;
				CURRENT_PROJECT_VERSION = 1;
				DEVELOPMENT_TEAM = UY94N2F65W;
				GENERATE_INFOPLIST_FILE = YES;
				INFOPLIST_FILE = "IBAN-Saver-App/Info.plist";
				INFOPLIST_KEY_UIApplicationSupportsIndirectInputEvents = YES;
				INFOPLIST_KEY_UILaunchStoryboardName = LaunchScreen;
				INFOPLIST_KEY_UISupportedInterfaceOrientations_iPad = "UIInterfaceOrientationPortrait UIInterfaceOrientationPortraitUpsideDown UIInterfaceOrientationLandscapeLeft UIInterfaceOrientationLandscapeRight";
				INFOPLIST_KEY_UISupportedInterfaceOrientations_iPhone = "UIInterfaceOrientationPortrait UIInterfaceOrientationLandscapeLeft UIInterfaceOrientationLandscapeRight";
				IPHONEOS_DEPLOYMENT_TARGET = 16.0;
				LD_RUNPATH_SEARCH_PATHS = (
					"$(inherited)",
					"@executable_path/Frameworks",
				);
				MARKETING_VERSION = 1.0;
				PRODUCT_BUNDLE_IDENTIFIER = "tbcacademy.collab.IBAN-Saver-App";
				PRODUCT_NAME = "$(TARGET_NAME)";
				SWIFT_EMIT_LOC_STRINGS = YES;
				SWIFT_VERSION = 5.0;
				TARGETED_DEVICE_FAMILY = "1,2";
			};
			name = Debug;
		};
		3C328AC22B4E91DA000970CA /* Release */ = {
			isa = XCBuildConfiguration;
			buildSettings = {
				ASSETCATALOG_COMPILER_APPICON_NAME = AppIcon;
				ASSETCATALOG_COMPILER_GLOBAL_ACCENT_COLOR_NAME = AccentColor;
				CODE_SIGN_STYLE = Automatic;
				CURRENT_PROJECT_VERSION = 1;
				DEVELOPMENT_TEAM = UY94N2F65W;
				GENERATE_INFOPLIST_FILE = YES;
				INFOPLIST_FILE = "IBAN-Saver-App/Info.plist";
				INFOPLIST_KEY_UIApplicationSupportsIndirectInputEvents = YES;
				INFOPLIST_KEY_UILaunchStoryboardName = LaunchScreen;
				INFOPLIST_KEY_UISupportedInterfaceOrientations_iPad = "UIInterfaceOrientationPortrait UIInterfaceOrientationPortraitUpsideDown UIInterfaceOrientationLandscapeLeft UIInterfaceOrientationLandscapeRight";
				INFOPLIST_KEY_UISupportedInterfaceOrientations_iPhone = "UIInterfaceOrientationPortrait UIInterfaceOrientationLandscapeLeft UIInterfaceOrientationLandscapeRight";
				IPHONEOS_DEPLOYMENT_TARGET = 16.0;
				LD_RUNPATH_SEARCH_PATHS = (
					"$(inherited)",
					"@executable_path/Frameworks",
				);
				MARKETING_VERSION = 1.0;
				PRODUCT_BUNDLE_IDENTIFIER = "tbcacademy.collab.IBAN-Saver-App";
				PRODUCT_NAME = "$(TARGET_NAME)";
				SWIFT_EMIT_LOC_STRINGS = YES;
				SWIFT_VERSION = 5.0;
				TARGETED_DEVICE_FAMILY = "1,2";
			};
			name = Release;
		};
/* End XCBuildConfiguration section */

/* Begin XCConfigurationList section */
		3C328AA72B4E91D9000970CA /* Build configuration list for PBXProject "IBAN-Saver-App" */ = {
			isa = XCConfigurationList;
			buildConfigurations = (
				3C328ABE2B4E91DA000970CA /* Debug */,
				3C328ABF2B4E91DA000970CA /* Release */,
			);
			defaultConfigurationIsVisible = 0;
			defaultConfigurationName = Release;
		};
		3C328AC02B4E91DA000970CA /* Build configuration list for PBXNativeTarget "IBAN-Saver-App" */ = {
			isa = XCConfigurationList;
			buildConfigurations = (
				3C328AC12B4E91DA000970CA /* Debug */,
				3C328AC22B4E91DA000970CA /* Release */,
			);
			defaultConfigurationIsVisible = 0;
			defaultConfigurationName = Release;
		};
/* End XCConfigurationList section */

/* Begin XCRemoteSwiftPackageReference section */
		5DB7012A2B4F269F0054ADBD /* XCRemoteSwiftPackageReference "firebase-ios-sdk" */ = {
			isa = XCRemoteSwiftPackageReference;
			repositoryURL = "https://github.com/firebase/firebase-ios-sdk.git";
			requirement = {
				kind = upToNextMajorVersion;
				minimumVersion = 10.19.0;
			};
		};
/* End XCRemoteSwiftPackageReference section */

/* Begin XCSwiftPackageProductDependency section */
		5DB7012B2B4F269F0054ADBD /* FirebaseAuth */ = {
			isa = XCSwiftPackageProductDependency;
			package = 5DB7012A2B4F269F0054ADBD /* XCRemoteSwiftPackageReference "firebase-ios-sdk" */;
			productName = FirebaseAuth;
		};
		5DB7012D2B4F269F0054ADBD /* FirebaseDatabase */ = {
			isa = XCSwiftPackageProductDependency;
			package = 5DB7012A2B4F269F0054ADBD /* XCRemoteSwiftPackageReference "firebase-ios-sdk" */;
			productName = FirebaseDatabase;
		};
		5DB7012F2B4F269F0054ADBD /* FirebaseDatabaseSwift */ = {
			isa = XCSwiftPackageProductDependency;
			package = 5DB7012A2B4F269F0054ADBD /* XCRemoteSwiftPackageReference "firebase-ios-sdk" */;
			productName = FirebaseDatabaseSwift;
		};
		5DB701312B4F269F0054ADBD /* FirebaseFirestore */ = {
			isa = XCSwiftPackageProductDependency;
			package = 5DB7012A2B4F269F0054ADBD /* XCRemoteSwiftPackageReference "firebase-ios-sdk" */;
			productName = FirebaseFirestore;
		};
		5DB701332B4F269F0054ADBD /* FirebaseFirestoreSwift */ = {
			isa = XCSwiftPackageProductDependency;
			package = 5DB7012A2B4F269F0054ADBD /* XCRemoteSwiftPackageReference "firebase-ios-sdk" */;
			productName = FirebaseFirestoreSwift;
		};
		5DB701352B4F269F0054ADBD /* FirebaseStorage */ = {
			isa = XCSwiftPackageProductDependency;
			package = 5DB7012A2B4F269F0054ADBD /* XCRemoteSwiftPackageReference "firebase-ios-sdk" */;
			productName = FirebaseStorage;
		};
/* End XCSwiftPackageProductDependency section */
	};
	rootObject = 3C328AA42B4E91D9000970CA /* Project object */;
}
